{
    "version": 3,
    "terraform_version": "0.11.5",
    "serial": 5,
    "lineage": "e3ea3497-de66-51fd-1727-18fdaf46bddb",
    "modules": [
        {
            "path": [
                "root"
            ],
            "outputs": {
                "availability_zone": {
                    "sensitive": false,
                    "type": "list",
                    "value": [
                        "us-east-1c",
                        "us-east-1b",
                        "us-east-1a"
                    ]
                },
                "id": {
                    "sensitive": false,
                    "type": "list",
                    "value": [
                        "i-0431879883204a873",
                        "i-01a2dc99fb4f54691",
                        "i-0703dc7cb15b771e1"
                    ]
                },
                "key_name": {
                    "sensitive": false,
                    "type": "list",
                    "value": [
                        "OFFICE-KEY",
                        "OFFICE-KEY",
                        "OFFICE-KEY"
                    ]
                },
                "network_interface_id": {
                    "sensitive": false,
                    "type": "list",
                    "value": [
                        "eni-9819ea0a",
                        "eni-0f7ba78c",
                        "eni-454a9fc3"
                    ]
                },
                "primary_network_interface_id": {
                    "sensitive": false,
                    "type": "list",
                    "value": [
                        "eni-9819ea0a",
                        "eni-0f7ba78c",
                        "eni-454a9fc3"
                    ]
                },
                "private_dns": {
                    "sensitive": false,
                    "type": "list",
                    "value": [
                        "ip-10-1-3-192.ec2.internal",
                        "ip-10-1-2-97.ec2.internal",
                        "ip-10-1-1-237.ec2.internal"
                    ]
                },
                "private_ip": {
                    "sensitive": false,
                    "type": "list",
                    "value": [
                        "10.1.3.192",
                        "10.1.2.97",
                        "10.1.1.237"
                    ]
                },
                "public_dns": {
                    "sensitive": false,
                    "type": "list",
                    "value": [
                        "",
                        "",
                        ""
                    ]
                },
                "public_ip": {
                    "sensitive": false,
                    "type": "list",
                    "value": [
                        "",
                        "",
                        ""
                    ]
                },
                "security_groups": {
                    "sensitive": false,
                    "type": "list",
                    "value": [
                        [],
                        [],
                        []
                    ]
                },
                "subnet_id": {
                    "sensitive": false,
                    "type": "list",
                    "value": [
                        "subnet-1b090134",
                        "subnet-b827c6df",
                        "subnet-cc878991"
                    ]
                },
                "tags": {
                    "sensitive": false,
                    "type": "list",
                    "value": [
                        {
                            "Name": "Server-0"
                        },
                        {
                            "Name": "Server-1"
                        },
                        {
                            "Name": "Server-2"
                        }
                    ]
                },
                "vpc_security_group_ids": {
                    "sensitive": false,
                    "type": "list",
                    "value": [
                        [
                            "sg-132ddf5a"
                        ],
                        [
                            "sg-132ddf5a"
                        ],
                        [
                            "sg-132ddf5a"
                        ]
                    ]
                }
            },
            "resources": {
                "aws_instance.web-1.0": {
                    "type": "aws_instance",
                    "depends_on": [
                        "aws_security_group.allow_all",
                        "data.aws_subnet_ids.private"
                    ],
                    "primary": {
                        "id": "i-0431879883204a873",
                        "attributes": {
                            "ami": "ami-97785bed",
                            "associate_public_ip_address": "false",
                            "availability_zone": "us-east-1c",
                            "disable_api_termination": "false",
                            "ebs_block_device.#": "0",
                            "ebs_optimized": "false",
                            "ephemeral_block_device.#": "0",
                            "get_password_data": "false",
                            "iam_instance_profile": "",
                            "id": "i-0431879883204a873",
                            "instance_state": "running",
                            "instance_type": "t2.nano",
                            "ipv6_addresses.#": "0",
                            "key_name": "OFFICE-KEY",
                            "monitoring": "false",
                            "network_interface.#": "0",
                            "network_interface_id": "eni-9819ea0a",
                            "password_data": "",
                            "placement_group": "",
                            "primary_network_interface_id": "eni-9819ea0a",
                            "private_dns": "ip-10-1-3-192.ec2.internal",
                            "private_ip": "10.1.3.192",
                            "public_dns": "",
                            "public_ip": "",
                            "root_block_device.#": "1",
                            "root_block_device.0.delete_on_termination": "true",
                            "root_block_device.0.iops": "100",
                            "root_block_device.0.volume_id": "vol-0187c756dfea04834",
                            "root_block_device.0.volume_size": "8",
                            "root_block_device.0.volume_type": "gp2",
                            "security_groups.#": "0",
                            "source_dest_check": "true",
                            "subnet_id": "subnet-1b090134",
                            "tags.%": "1",
                            "tags.Name": "Server-0",
                            "tenancy": "default",
                            "volume_tags.%": "0",
                            "vpc_security_group_ids.#": "1",
                            "vpc_security_group_ids.3652460634": "sg-132ddf5a"
                        },
                        "meta": {
                            "e2bfb730-ecaa-11e6-8f88-34363bc7c4c0": {
                                "create": 600000000000,
                                "delete": 1200000000000,
                                "update": 600000000000
                            },
                            "schema_version": "1"
                        },
                        "tainted": false
                    },
                    "deposed": [],
                    "provider": "provider.aws"
                },
                "aws_instance.web-1.1": {
                    "type": "aws_instance",
                    "depends_on": [
                        "aws_security_group.allow_all",
                        "data.aws_subnet_ids.private"
                    ],
                    "primary": {
                        "id": "i-01a2dc99fb4f54691",
                        "attributes": {
                            "ami": "ami-97785bed",
                            "associate_public_ip_address": "false",
                            "availability_zone": "us-east-1b",
                            "disable_api_termination": "false",
                            "ebs_block_device.#": "0",
                            "ebs_optimized": "false",
                            "ephemeral_block_device.#": "0",
                            "get_password_data": "false",
                            "iam_instance_profile": "",
                            "id": "i-01a2dc99fb4f54691",
                            "instance_state": "running",
                            "instance_type": "t2.nano",
                            "ipv6_addresses.#": "0",
                            "key_name": "OFFICE-KEY",
                            "monitoring": "false",
                            "network_interface.#": "0",
                            "network_interface_id": "eni-0f7ba78c",
                            "password_data": "",
                            "placement_group": "",
                            "primary_network_interface_id": "eni-0f7ba78c",
                            "private_dns": "ip-10-1-2-97.ec2.internal",
                            "private_ip": "10.1.2.97",
                            "public_dns": "",
                            "public_ip": "",
                            "root_block_device.#": "1",
                            "root_block_device.0.delete_on_termination": "true",
                            "root_block_device.0.iops": "100",
                            "root_block_device.0.volume_id": "vol-0a3699d340de738e3",
                            "root_block_device.0.volume_size": "8",
                            "root_block_device.0.volume_type": "gp2",
                            "security_groups.#": "0",
                            "source_dest_check": "true",
                            "subnet_id": "subnet-b827c6df",
                            "tags.%": "1",
                            "tags.Name": "Server-1",
                            "tenancy": "default",
                            "volume_tags.%": "0",
                            "vpc_security_group_ids.#": "1",
                            "vpc_security_group_ids.3652460634": "sg-132ddf5a"
                        },
                        "meta": {
                            "e2bfb730-ecaa-11e6-8f88-34363bc7c4c0": {
                                "create": 600000000000,
                                "delete": 1200000000000,
                                "update": 600000000000
                            },
                            "schema_version": "1"
                        },
                        "tainted": false
                    },
                    "deposed": [],
                    "provider": "provider.aws"
                },
                "aws_instance.web-1.2": {
                    "type": "aws_instance",
                    "depends_on": [
                        "aws_security_group.allow_all",
                        "data.aws_subnet_ids.private"
                    ],
                    "primary": {
                        "id": "i-0703dc7cb15b771e1",
                        "attributes": {
                            "ami": "ami-97785bed",
                            "associate_public_ip_address": "false",
                            "availability_zone": "us-east-1a",
                            "disable_api_termination": "false",
                            "ebs_block_device.#": "0",
                            "ebs_optimized": "false",
                            "ephemeral_block_device.#": "0",
                            "get_password_data": "false",
                            "iam_instance_profile": "",
                            "id": "i-0703dc7cb15b771e1",
                            "instance_state": "running",
                            "instance_type": "t2.nano",
                            "ipv6_addresses.#": "0",
                            "key_name": "OFFICE-KEY",
                            "monitoring": "false",
                            "network_interface.#": "0",
                            "network_interface_id": "eni-454a9fc3",
                            "password_data": "",
                            "placement_group": "",
                            "primary_network_interface_id": "eni-454a9fc3",
                            "private_dns": "ip-10-1-1-237.ec2.internal",
                            "private_ip": "10.1.1.237",
                            "public_dns": "",
                            "public_ip": "",
                            "root_block_device.#": "1",
                            "root_block_device.0.delete_on_termination": "true",
                            "root_block_device.0.iops": "100",
                            "root_block_device.0.volume_id": "vol-0d0cf157afe836170",
                            "root_block_device.0.volume_size": "8",
                            "root_block_device.0.volume_type": "gp2",
                            "security_groups.#": "0",
                            "source_dest_check": "true",
                            "subnet_id": "subnet-cc878991",
                            "tags.%": "1",
                            "tags.Name": "Server-2",
                            "tenancy": "default",
                            "volume_tags.%": "0",
                            "vpc_security_group_ids.#": "1",
                            "vpc_security_group_ids.3652460634": "sg-132ddf5a"
                        },
                        "meta": {
                            "e2bfb730-ecaa-11e6-8f88-34363bc7c4c0": {
                                "create": 600000000000,
                                "delete": 1200000000000,
                                "update": 600000000000
                            },
                            "schema_version": "1"
                        },
                        "tainted": false
                    },
                    "deposed": [],
                    "provider": "provider.aws"
                },
                "aws_internet_gateway.default": {
                    "type": "aws_internet_gateway",
                    "depends_on": [
                        "aws_vpc.default"
                    ],
                    "primary": {
                        "id": "igw-e3b00a9b",
                        "attributes": {
                            "id": "igw-e3b00a9b",
                            "tags.%": "1",
                            "tags.Name": "terraform-aws-igw",
                            "vpc_id": "vpc-5538572e"
                        },
                        "meta": {},
                        "tainted": false
                    },
                    "deposed": [],
                    "provider": "provider.aws"
                },
                "aws_route_table.terraform-public": {
                    "type": "aws_route_table",
                    "depends_on": [
                        "aws_internet_gateway.default",
                        "aws_vpc.default"
                    ],
                    "primary": {
                        "id": "rtb-aadfb8d6",
                        "attributes": {
                            "id": "rtb-aadfb8d6",
                            "propagating_vgws.#": "0",
                            "route.#": "1",
                            "route.1637875617.cidr_block": "0.0.0.0/0",
                            "route.1637875617.egress_only_gateway_id": "",
                            "route.1637875617.gateway_id": "igw-e3b00a9b",
                            "route.1637875617.instance_id": "",
                            "route.1637875617.ipv6_cidr_block": "",
                            "route.1637875617.nat_gateway_id": "",
                            "route.1637875617.network_interface_id": "",
                            "route.1637875617.vpc_peering_connection_id": "",
                            "tags.%": "1",
                            "tags.Name": "Terraform_Main_table-testing",
                            "vpc_id": "vpc-5538572e"
                        },
                        "meta": {},
                        "tainted": false
                    },
                    "deposed": [],
                    "provider": "provider.aws"
                },
                "aws_route_table_association.terraform-public": {
                    "type": "aws_route_table_association",
                    "depends_on": [
                        "aws_route_table.terraform-public",
                        "aws_subnet.subnet1-public"
                    ],
                    "primary": {
                        "id": "rtbassoc-50fb242f",
                        "attributes": {
                            "id": "rtbassoc-50fb242f",
                            "route_table_id": "rtb-aadfb8d6",
                            "subnet_id": "subnet-cc878991"
                        },
                        "meta": {},
                        "tainted": false
                    },
                    "deposed": [],
                    "provider": "provider.aws"
                },
                "aws_security_group.allow_all": {
                    "type": "aws_security_group",
                    "depends_on": [
                        "aws_vpc.default"
                    ],
                    "primary": {
                        "id": "sg-132ddf5a",
                        "attributes": {
                            "arn": "arn:aws:ec2:us-east-1:053490018989:security-group/sg-132ddf5a",
                            "description": "Allow all inbound traffic",
                            "egress.#": "1",
                            "egress.482069346.cidr_blocks.#": "1",
                            "egress.482069346.cidr_blocks.0": "0.0.0.0/0",
                            "egress.482069346.description": "",
                            "egress.482069346.from_port": "0",
                            "egress.482069346.ipv6_cidr_blocks.#": "0",
                            "egress.482069346.prefix_list_ids.#": "0",
                            "egress.482069346.protocol": "-1",
                            "egress.482069346.security_groups.#": "0",
                            "egress.482069346.self": "false",
                            "egress.482069346.to_port": "0",
                            "id": "sg-132ddf5a",
                            "ingress.#": "1",
                            "ingress.482069346.cidr_blocks.#": "1",
                            "ingress.482069346.cidr_blocks.0": "0.0.0.0/0",
                            "ingress.482069346.description": "",
                            "ingress.482069346.from_port": "0",
                            "ingress.482069346.ipv6_cidr_blocks.#": "0",
                            "ingress.482069346.protocol": "-1",
                            "ingress.482069346.security_groups.#": "0",
                            "ingress.482069346.self": "false",
                            "ingress.482069346.to_port": "0",
                            "name": "allow_all",
                            "owner_id": "053490018989",
                            "revoke_rules_on_delete": "false",
                            "tags.%": "0",
                            "vpc_id": "vpc-5538572e"
                        },
                        "meta": {
                            "e2bfb730-ecaa-11e6-8f88-34363bc7c4c0": {
                                "create": 600000000000,
                                "delete": 600000000000
                            },
                            "schema_version": "1"
                        },
                        "tainted": false
                    },
                    "deposed": [],
                    "provider": "provider.aws"
                },
                "aws_subnet.subnet1-public": {
                    "type": "aws_subnet",
                    "depends_on": [
                        "aws_vpc.default"
                    ],
                    "primary": {
                        "id": "subnet-cc878991",
                        "attributes": {
                            "assign_ipv6_address_on_creation": "false",
                            "availability_zone": "us-east-1a",
                            "cidr_block": "10.1.1.0/24",
                            "id": "subnet-cc878991",
                            "map_public_ip_on_launch": "false",
                            "tags.%": "1",
                            "tags.Name": "Terraform_Public_Subnet1-testing",
                            "vpc_id": "vpc-5538572e"
                        },
                        "meta": {
                            "schema_version": "1"
                        },
                        "tainted": false
                    },
                    "deposed": [],
                    "provider": "provider.aws"
                },
                "aws_subnet.subnet2-public": {
                    "type": "aws_subnet",
                    "depends_on": [
                        "aws_vpc.default"
                    ],
                    "primary": {
                        "id": "subnet-b827c6df",
                        "attributes": {
                            "assign_ipv6_address_on_creation": "false",
                            "availability_zone": "us-east-1b",
                            "cidr_block": "10.1.2.0/24",
                            "id": "subnet-b827c6df",
                            "map_public_ip_on_launch": "false",
                            "tags.%": "1",
                            "tags.Name": "Terraform_Public_Subnet2-testing",
                            "vpc_id": "vpc-5538572e"
                        },
                        "meta": {
                            "schema_version": "1"
                        },
                        "tainted": false
                    },
                    "deposed": [],
                    "provider": "provider.aws"
                },
                "aws_subnet.subnet3-public": {
                    "type": "aws_subnet",
                    "depends_on": [
                        "aws_vpc.default"
                    ],
                    "primary": {
                        "id": "subnet-1b090134",
                        "attributes": {
                            "assign_ipv6_address_on_creation": "false",
                            "availability_zone": "us-east-1c",
                            "cidr_block": "10.1.3.0/24",
                            "id": "subnet-1b090134",
                            "map_public_ip_on_launch": "false",
                            "tags.%": "1",
                            "tags.Name": "Terraform_Public_Subnet3-testing",
                            "vpc_id": "vpc-5538572e"
                        },
                        "meta": {
                            "schema_version": "1"
                        },
                        "tainted": false
                    },
                    "deposed": [],
                    "provider": "provider.aws"
                },
                "aws_vpc.default": {
                    "type": "aws_vpc",
                    "depends_on": [],
                    "primary": {
                        "id": "vpc-5538572e",
                        "attributes": {
                            "assign_generated_ipv6_cidr_block": "false",
                            "cidr_block": "10.1.0.0/16",
                            "default_network_acl_id": "acl-4a905730",
                            "default_route_table_id": "rtb-8dd3b4f1",
                            "default_security_group_id": "sg-552bd91c",
                            "dhcp_options_id": "dopt-5c447525",
                            "enable_classiclink": "false",
                            "enable_classiclink_dns_support": "false",
                            "enable_dns_hostnames": "true",
                            "enable_dns_support": "true",
                            "id": "vpc-5538572e",
                            "instance_tenancy": "default",
                            "main_route_table_id": "rtb-8dd3b4f1",
                            "tags.%": "1",
                            "tags.Name": "terraform-aws-testing"
                        },
                        "meta": {
                            "schema_version": "1"
                        },
                        "tainted": false
                    },
                    "deposed": [],
                    "provider": "provider.aws"
                },
                "data.aws_subnet_ids.private": {
                    "type": "aws_subnet_ids",
                    "depends_on": [
                        "aws_vpc.default"
                    ],
                    "primary": {
                        "id": "vpc-5538572e",
                        "attributes": {
                            "id": "vpc-5538572e",
                            "ids.#": "3",
                            "ids.1362489731": "subnet-1b090134",
                            "ids.1403642295": "subnet-b827c6df",
                            "ids.4060108754": "subnet-cc878991",
                            "vpc_id": "vpc-5538572e"
                        },
                        "meta": {},
                        "tainted": false
                    },
                    "deposed": [],
                    "provider": "provider.aws"
                }
            },
            "depends_on": []
        }
    ]
}
